
Microsoft Visual Studio Solution File, Format Version 12.00
# Visual Studio Version 17
VisualStudioVersion = 17.2.32616.157
MinimumVisualStudioVersion = 10.0.40219.1
Project("{FAE04EC0-301F-11D3-BF4B-00C04F79EFBC}") = "AtisTHEOTesting", "AtisTHEOTesting\AtisTHEOTesting.csproj", "{B1DAB179-C90D-4135-873B-1BAE11A229A1}"
EndProject
Project("{FAE04EC0-301F-11D3-BF4B-00C04F79EFBC}") = "ArtisTHEOMessageLib", "ArtisTHEOMessageLib\ArtisTHEOMessageLib.csproj", "{68BABE1D-7074-4323-8803-5EDC09399C96}"
EndProject
Global
	GlobalSection(SolutionConfigurationPlatforms) = preSolution
		Debug|Any CPU = Debug|Any CPU
		Release|Any CPU = Release|Any CPU
	EndGlobalSection
	GlobalSection(ProjectConfigurationPlatforms) = postSolution
		{B1DAB179-C90D-4135-873B-1BAE11A229A1}.Debug|Any CPU.ActiveCfg = Debug|Any CPU
		{B1DAB179-C90D-4135-873B-1BAE11A229A1}.Debug|Any CPU.Build.0 = Debug|Any CPU
		{B1DAB179-C90D-4135-873B-1BAE11A229A1}.Release|Any CPU.ActiveCfg = Release|Any CPU
		{B1DAB179-C90D-4135-873B-1BAE11A229A1}.Release|Any CPU.Build.0 = Release|Any CPU
		{68BABE1D-7074-4323-8803-5EDC09399C96}.Debug|Any CPU.ActiveCfg = Debug|Any CPU
		{68BABE1D-7074-4323-8803-5EDC09399C96}.Debug|Any CPU.Build.0 = Debug|Any CPU
		{68BABE1D-7074-4323-8803-5EDC09399C96}.Release|Any CPU.ActiveCfg = Release|Any CPU
		{68BABE1D-7074-4323-8803-5EDC09399C96}.Release|Any CPU.Build.0 = Release|Any CPU
	EndGlobalSection
	GlobalSection(SolutionProperties) = preSolution
		HideSolutionNode = FALSE
	EndGlobalSection
	GlobalSection(ExtensibilityGlobals) = postSolution
		SolutionGuid = {BB35F398-47CB-491E-AEE9-390140124791}
	EndGlobalSection
EndGlobal
